
Microsoft Visual Studio Solution File, Format Version 12.00
# Visual Studio Version 17
VisualStudioVersion = 17.5.33530.505
MinimumVisualStudioVersion = 10.0.40219.1
Project("{FAE04EC0-301F-11D3-BF4B-00C04F79EFBC}") = "opentuner", "opentuner.csproj", "{2E89E032-7250-4223-93EC-FBA2482988DC}"
EndProject
Project("{2150E333-8FDC-42A3-9474-1A3956D46DE8}") = "Solution Items", "Solution Items", "{252F1368-533A-4D22-9111-4A42F83B1470}"
EndProject
Global
	GlobalSection(SolutionConfigurationPlatforms) = preSolution
		Debug|x64 = Debug|x64
		Release|x64 = Release|x64
	EndGlobalSection
	GlobalSection(ProjectConfigurationPlatforms) = postSolution
		{2E89E032-7250-4223-93EC-FBA2482988DC}.Debug|x64.ActiveCfg = Debug|x64
		{2E89E032-7250-4223-93EC-FBA2482988DC}.Debug|x64.Build.0 = Debug|x64
		{2E89E032-7250-4223-93EC-FBA2482988DC}.Release|x64.ActiveCfg = Release|x64
		{2E89E032-7250-4223-93EC-FBA2482988DC}.Release|x64.Build.0 = Release|x64
	EndGlobalSection
	GlobalSection(SolutionProperties) = preSolution
		HideSolutionNode = FALSE
	EndGlobalSection
	GlobalSection(ExtensibilityGlobals) = postSolution
		SolutionGuid = {5D02E4FB-2FD1-43C0-9C9B-0E5266C0BA02}
	EndGlobalSection
EndGlobal
